
Microsoft Visual Studio Solution File, Format Version 12.00
# Visual Studio 2017
Project("{FAE04EC0-301F-11D3-BF4B-00C04F79EFBC}") = "ThePoniesGame", "ThePoniesGame.csproj", "{447807A7-4325-09F7-9931-DCC0DB1D9B71}"
EndProject
Project("{FAE04EC0-301F-11D3-BF4B-00C04F79EFBC}") = "ThePoniesGame.Editor", "ThePoniesGame.Editor.csproj", "{0F0CBE9D-9A70-2A60-A089-6057CE229956}"
EndProject
Global
	GlobalSection(SolutionConfigurationPlatforms) = preSolution
		Debug|Any CPU = Debug|Any CPU
		Release|Any CPU = Release|Any CPU
	EndGlobalSection
	GlobalSection(ProjectConfigurationPlatforms) = postSolution
		{447807A7-4325-09F7-9931-DCC0DB1D9B71}.Debug|Any CPU.ActiveCfg = Debug|Any CPU
		{447807A7-4325-09F7-9931-DCC0DB1D9B71}.Debug|Any CPU.Build.0 = Debug|Any CPU
		{447807A7-4325-09F7-9931-DCC0DB1D9B71}.Release|Any CPU.ActiveCfg = Release|Any CPU
		{447807A7-4325-09F7-9931-DCC0DB1D9B71}.Release|Any CPU.Build.0 = Release|Any CPU
		{0F0CBE9D-9A70-2A60-A089-6057CE229956}.Debug|Any CPU.ActiveCfg = Debug|Any CPU
		{0F0CBE9D-9A70-2A60-A089-6057CE229956}.Debug|Any CPU.Build.0 = Debug|Any CPU
		{0F0CBE9D-9A70-2A60-A089-6057CE229956}.Release|Any CPU.ActiveCfg = Release|Any CPU
		{0F0CBE9D-9A70-2A60-A089-6057CE229956}.Release|Any CPU.Build.0 = Release|Any CPU
	EndGlobalSection
	GlobalSection(SolutionProperties) = preSolution
		HideSolutionNode = FALSE
	EndGlobalSection
EndGlobal
