
Microsoft Visual Studio Solution File, Format Version 11.00
# Visual Studio 2010
Project("{E097FAD1-6243-4DAD-9C02-E9B9EFC3FFC1}") = "Assembly-CSharp", "Assembly-CSharp.csproj", "{EBEFD098-A12D-AE7F-E6D0-1D55311C3522}"
EndProject
Project("{E097FAD1-6243-4DAD-9C02-E9B9EFC3FFC1}") = "Assembly-CSharp-Editor", "Assembly-CSharp-Editor.csproj", "{DA6F85BF-4594-946E-B18C-8B8983F44878}"
EndProject
Project("{E097FAD1-6243-4DAD-9C02-E9B9EFC3FFC1}") = "Assembly-CSharp-Editor-firstpass", "Assembly-CSharp-Editor-firstpass.csproj", "{2CD4155D-E8B8-BB66-C0D6-8C82F5990C5B}"
EndProject
Global
	GlobalSection(SolutionConfigurationPlatforms) = preSolution
		Debug|Any CPU = Debug|Any CPU
		Release|Any CPU = Release|Any CPU
	EndGlobalSection
	GlobalSection(ProjectConfigurationPlatforms) = postSolution
		{EBEFD098-A12D-AE7F-E6D0-1D55311C3522}.Debug|Any CPU.ActiveCfg = Debug|Any CPU
		{EBEFD098-A12D-AE7F-E6D0-1D55311C3522}.Debug|Any CPU.Build.0 = Debug|Any CPU
		{EBEFD098-A12D-AE7F-E6D0-1D55311C3522}.Release|Any CPU.ActiveCfg = Release|Any CPU
		{EBEFD098-A12D-AE7F-E6D0-1D55311C3522}.Release|Any CPU.Build.0 = Release|Any CPU
		{DA6F85BF-4594-946E-B18C-8B8983F44878}.Debug|Any CPU.ActiveCfg = Debug|Any CPU
		{DA6F85BF-4594-946E-B18C-8B8983F44878}.Debug|Any CPU.Build.0 = Debug|Any CPU
		{DA6F85BF-4594-946E-B18C-8B8983F44878}.Release|Any CPU.ActiveCfg = Release|Any CPU
		{DA6F85BF-4594-946E-B18C-8B8983F44878}.Release|Any CPU.Build.0 = Release|Any CPU
		{2CD4155D-E8B8-BB66-C0D6-8C82F5990C5B}.Debug|Any CPU.ActiveCfg = Debug|Any CPU
		{2CD4155D-E8B8-BB66-C0D6-8C82F5990C5B}.Debug|Any CPU.Build.0 = Debug|Any CPU
		{2CD4155D-E8B8-BB66-C0D6-8C82F5990C5B}.Release|Any CPU.ActiveCfg = Release|Any CPU
		{2CD4155D-E8B8-BB66-C0D6-8C82F5990C5B}.Release|Any CPU.Build.0 = Release|Any CPU
	EndGlobalSection
	GlobalSection(SolutionProperties) = preSolution
		HideSolutionNode = FALSE
	EndGlobalSection
	GlobalSection(MonoDevelopProperties) = preSolution
		StartupItem = Assembly-CSharp.csproj
	EndGlobalSection
EndGlobal
